
Microsoft Visual Studio Solution File, Format Version 12.00
# Visual Studio Version 17
VisualStudioVersion = 17.0.32112.339
MinimumVisualStudioVersion = 10.0.40219.1
Project("{FAE04EC0-301F-11D3-BF4B-00C04F79EFBC}") = "QOI", "QOI\QOI.csproj", "{6135DE27-ABB1-47FB-8CF6-C7692C8D2A44}"
EndProject
Global
	GlobalSection(SolutionConfigurationPlatforms) = preSolution
		Debug|Any CPU = Debug|Any CPU
		Release|Any CPU = Release|Any CPU
	EndGlobalSection
	GlobalSection(ProjectConfigurationPlatforms) = postSolution
		{6135DE27-ABB1-47FB-8CF6-C7692C8D2A44}.Debug|Any CPU.ActiveCfg = Debug|Any CPU
		{6135DE27-ABB1-47FB-8CF6-C7692C8D2A44}.Debug|Any CPU.Build.0 = Debug|Any CPU
		{6135DE27-ABB1-47FB-8CF6-C7692C8D2A44}.Release|Any CPU.ActiveCfg = Release|Any CPU
		{6135DE27-ABB1-47FB-8CF6-C7692C8D2A44}.Release|Any CPU.Build.0 = Release|Any CPU
	EndGlobalSection
	GlobalSection(SolutionProperties) = preSolution
		HideSolutionNode = FALSE
	EndGlobalSection
	GlobalSection(ExtensibilityGlobals) = postSolution
		SolutionGuid = {901ED413-68F7-443C-9C5E-5960667E3A8E}
	EndGlobalSection
EndGlobal
